
Microsoft Visual Studio Solution File, Format Version 12.00
# Visual Studio Version 17
VisualStudioVersion = 17.4.33213.308
MinimumVisualStudioVersion = 10.0.40219.1
Project("{FAE04EC0-301F-11D3-BF4B-00C04F79EFBC}") = "ExercicioCalculaHoraFunc", "ExercicioCalculaHoraFunc\ExercicioCalculaHoraFunc.csproj", "{587F0B55-199C-4282-BED5-5D99853E8598}"
EndProject
Global
	GlobalSection(SolutionConfigurationPlatforms) = preSolution
		Debug|Any CPU = Debug|Any CPU
		Release|Any CPU = Release|Any CPU
	EndGlobalSection
	GlobalSection(ProjectConfigurationPlatforms) = postSolution
		{587F0B55-199C-4282-BED5-5D99853E8598}.Debug|Any CPU.ActiveCfg = Debug|Any CPU
		{587F0B55-199C-4282-BED5-5D99853E8598}.Debug|Any CPU.Build.0 = Debug|Any CPU
		{587F0B55-199C-4282-BED5-5D99853E8598}.Release|Any CPU.ActiveCfg = Release|Any CPU
		{587F0B55-199C-4282-BED5-5D99853E8598}.Release|Any CPU.Build.0 = Release|Any CPU
	EndGlobalSection
	GlobalSection(SolutionProperties) = preSolution
		HideSolutionNode = FALSE
	EndGlobalSection
	GlobalSection(ExtensibilityGlobals) = postSolution
		SolutionGuid = {5091C3A0-7339-4E48-B1EA-C574E21BA55C}
	EndGlobalSection
EndGlobal
